// !$*UTF8*$!
{
	archiveVersion = 1;
	classes = {
	};
	objectVersion = 46;
	objects = {

/* Begin PBXBuildFile section */
		2E8CA9B41E448425000E6FD2 /* main.m in Sources */ = {isa = PBXBuildFile; fileRef = 2E8CA9B31E448425000E6FD2 /* main.m */; };
		2E8CA9B71E448425000E6FD2 /* AppDelegate.m in Sources */ = {isa = PBXBuildFile; fileRef = 2E8CA9B61E448425000E6FD2 /* AppDelegate.m */; };
		2E8CA9BA1E448425000E6FD2 /* ViewController.m in Sources */ = {isa = PBXBuildFile; fileRef = 2E8CA9B91E448425000E6FD2 /* ViewController.m */; };
		2E8CA9BD1E448425000E6FD2 /* Main.storyboard in Resources */ = {isa = PBXBuildFile; fileRef = 2E8CA9BB1E448425000E6FD2 /* Main.storyboard */; };
		2E8CA9BF1E448425000E6FD2 /* Assets.xcassets in Resources */ = {isa = PBXBuildFile; fileRef = 2E8CA9BE1E448425000E6FD2 /* Assets.xcassets */; };
		2E8CA9C21E448425000E6FD2 /* LaunchScreen.storyboard in Resources */ = {isa = PBXBuildFile; fileRef = 2E8CA9C01E448425000E6FD2 /* LaunchScreen.storyboard */; };
/* End PBXBuildFile section */

/* Begin PBXFileReference section */
		2E8CA9AF1E448425000E6FD2 /* Example-Kite-iOS-Cocoapods-Objc.app */ = {isa = PBXFileReference; explicitFileType = wrapper.application; includeInIndex = 0; path = "Example-Kite-iOS-Cocoapods-Objc.app"; sourceTree = BUILT_PRODUCTS_DIR; };
		2E8CA9B31E448425000E6FD2 /* main.m */ = {isa = PBXFileReference; lastKnownFileType = sourcecode.c.objc; path = main.m; sourceTree = "<group>"; };
		2E8CA9B51E448425000E6FD2 /* AppDelegate.h */ = {isa = PBXFileReference; lastKnownFileType = sourcecode.c.h; path = AppDelegate.h; sourceTree = "<group>"; };
		2E8CA9B61E448425000E6FD2 /* AppDelegate.m */ = {isa = PBXFileReference; lastKnownFileType = sourcecode.c.objc; path = AppDelegate.m; sourceTree = "<group>"; };
		2E8CA9B81E448425000E6FD2 /* ViewController.h */ = {isa = PBXFileReference; lastKnownFileType = sourcecode.c.h; path = ViewController.h; sourceTree = "<group>"; };
		2E8CA9B91E448425000E6FD2 /* ViewController.m */ = {isa = PBXFileReference; lastKnownFileType = sourcecode.c.objc; path = ViewController.m; sourceTree = "<group>"; };
		2E8CA9BC1E448425000E6FD2 /* Base */ = {isa = PBXFileReference; lastKnownFileType = file.storyboard; name = Base; path = Base.lproj/Main.storyboard; sourceTree = "<group>"; };
		2E8CA9BE1E448425000E6FD2 /* Assets.xcassets */ = {isa = PBXFileReference; lastKnownFileType = folder.assetcatalog; path = Assets.xcassets; sourceTree = "<group>"; };
		2E8CA9C11E448425000E6FD2 /* Base */ = {isa = PBXFileReference; lastKnownFileType = file.storyboard; name = Base; path = Base.lproj/LaunchScreen.storyboard; sourceTree = "<group>"; };
		2E8CA9C31E448425000E6FD2 /* Info.plist */ = {isa = PBXFileReference; lastKnownFileType = text.plist.xml; path = Info.plist; sourceTree = "<group>"; };
/* End PBXFileReference section */

/* Begin PBXFrameworksBuildPhase section */
		2E8CA9AC1E448425000E6FD2 /* Frameworks */ = {
			isa = PBXFrameworksBuildPhase;
			buildActionMask = 2147483647;
			files = (
			);
			runOnlyForDeploymentPostprocessing = 0;
		};
/* End PBXFrameworksBuildPhase section */

/* Begin PBXGroup section */
		2E8CA9A61E448425000E6FD2 = {
			isa = PBXGroup;
			children = (
				2E8CA9B11E448425000E6FD2 /* Example-Kite-iOS-Cocoapods-Objc */,
				2E8CA9B01E448425000E6FD2 /* Products */,
			);
			sourceTree = "<group>";
		};
		2E8CA9B01E448425000E6FD2 /* Products */ = {
			isa = PBXGroup;
			children = (
				2E8CA9AF1E448425000E6FD2 /* Example-Kite-iOS-Cocoapods-Objc.app */,
			);
			name = Products;
			sourceTree = "<group>";
		};
		2E8CA9B11E448425000E6FD2 /* Example-Kite-iOS-Cocoapods-Objc */ = {
			isa = PBXGroup;
			children = (
				2E8CA9B51E448425000E6FD2 /* AppDelegate.h */,
				2E8CA9B61E448425000E6FD2 /* AppDelegate.m */,
				2E8CA9B81E448425000E6FD2 /* ViewController.h */,
				2E8CA9B91E448425000E6FD2 /* ViewController.m */,
				2E8CA9BB1E448425000E6FD2 /* Main.storyboard */,
				2E8CA9BE1E448425000E6FD2 /* Assets.xcassets */,
				2E8CA9C01E448425000E6FD2 /* LaunchScreen.storyboard */,
				2E8CA9C31E448425000E6FD2 /* Info.plist */,
				2E8CA9B21E448425000E6FD2 /* Supporting Files */,
			);
			path = "Example-Kite-iOS-Cocoapods-Objc";
			sourceTree = "<group>";
		};
		2E8CA9B21E448425000E6FD2 /* Supporting Files */ = {
			isa = PBXGroup;
			children = (
				2E8CA9B31E448425000E6FD2 /* main.m */,
			);
			name = "Supporting Files";
			sourceTree = "<group>";
		};
/* End PBXGroup section */

/* Begin PBXNativeTarget section */
		2E8CA9AE1E448425000E6FD2 /* Example-Kite-iOS-Cocoapods-Objc */ = {
			isa = PBXNativeTarget;
			buildConfigurationList = 2E8CA9C61E448425000E6FD2 /* Build configuration list for PBXNativeTarget "Example-Kite-iOS-Cocoapods-Objc" */;
			buildPhases = (
				2E8CA9AB1E448425000E6FD2 /* Sources */,
				2E8CA9AC1E448425000E6FD2 /* Frameworks */,
				2E8CA9AD1E448425000E6FD2 /* Resources */,
			);
			buildRules = (
			);
			dependencies = (
			);
			name = "Example-Kite-iOS-Cocoapods-Objc";
			productName = "Example-Kite-iOS-Cocoapods-Objc";
			productReference = 2E8CA9AF1E448425000E6FD2 /* Example-Kite-iOS-Cocoapods-Objc.app */;
			productType = "com.apple.product-type.application";
		};
/* End PBXNativeTarget section */

/* Begin PBXProject section */
		2E8CA9A71E448425000E6FD2 /* Project object */ = {
			isa = PBXProject;
			attributes = {
				LastUpgradeCheck = 0820;
				ORGANIZATIONNAME = Kite.ly;
				TargetAttributes = {
					2E8CA9AE1E448425000E6FD2 = {
						CreatedOnToolsVersion = 8.2.1;
						DevelopmentTeam = L78L4U72YJ;
						ProvisioningStyle = Automatic;
					};
				};
			};
			buildConfigurationList = 2E8CA9AA1E448425000E6FD2 /* Build configuration list for PBXProject "Example-Kite-iOS-Cocoapods-Objc" */;
			compatibilityVersion = "Xcode 3.2";
			developmentRegion = English;
			hasScannedForEncodings = 0;
			knownRegions = (
				en,
				Base,
			);
			mainGroup = 2E8CA9A61E448425000E6FD2;
			productRefGroup = 2E8CA9B01E448425000E6FD2 /* Products */;
			projectDirPath = "";
			projectRoot = "";
			targets = (
				2E8CA9AE1E448425000E6FD2 /* Example-Kite-iOS-Cocoapods-Objc */,
			);
		};
/* End PBXProject section */

/* Begin PBXResourcesBuildPhase section */
		2E8CA9AD1E448425000E6FD2 /* Resources */ = {
			isa = PBXResourcesBuildPhase;
			buildActionMask = 2147483647;
			files = (
				2E8CA9C21E448425000E6FD2 /* LaunchScreen.storyboard in Resources */,
				2E8CA9BF1E448425000E6FD2 /* Assets.xcassets in Resources */,
				2E8CA9BD1E448425000E6FD2 /* Main.storyboard in Resources */,
			);
			runOnlyForDeploymentPostprocessing = 0;
		};
/* End PBXResourcesBuildPhase section */

/* Begin PBXSourcesBuildPhase section */
		2E8CA9AB1E448425000E6FD2 /* Sources */ = {
			isa = PBXSourcesBuildPhase;
			buildActionMask = 2147483647;
			files = (
				2E8CA9BA1E448425000E6FD2 /* ViewController.m in Sources */,
				2E8CA9B71E448425000E6FD2 /* AppDelegate.m in Sources */,
				2E8CA9B41E448425000E6FD2 /* main.m in Sources */,
			);
			runOnlyForDeploymentPostprocessing = 0;
		};
/* End PBXSourcesBuildPhase section */

/* Begin PBXVariantGroup section */
		2E8CA9BB1E448425000E6FD2 /* Main.storyboard */ = {
			isa = PBXVariantGroup;
			children = (
				2E8CA9BC1E448425000E6FD2 /* Base */,
			);
			name = Main.storyboard;
			sourceTree = "<group>";
		};
		2E8CA9C01E448425000E6FD2 /* LaunchScreen.storyboard */ = {
			isa = PBXVariantGroup;
			children = (
				2E8CA9C11E448425000E6FD2 /* Base */,
			);
			name = LaunchScreen.storyboard;
			sourceTree = "<group>";
		};
/* End PBXVariantGroup section */

/* Begin XCBuildConfiguration section */
		2E8CA9C41E448425000E6FD2 /* Debug */ = {
			isa = XCBuildConfiguration;
			buildSettings = {
				ALWAYS_SEARCH_USER_PATHS = NO;
				CLANG_ANALYZER_NONNULL = YES;
				CLANG_CXX_LANGUAGE_STANDARD = "gnu++0x";
				CLANG_CXX_LIBRARY = "libc++";
				CLANG_ENABLE_MODULES = YES;
				CLANG_ENABLE_OBJC_ARC = YES;
				CLANG_WARN_BOOL_CONVERSION = YES;
				CLANG_WARN_CONSTANT_CONVERSION = YES;
				CLANG_WARN_DIRECT_OBJC_ISA_USAGE = YES_ERROR;
				CLANG_WARN_DOCUMENTATION_COMMENTS = YES;
				CLANG_WARN_EMPTY_BODY = YES;
				CLANG_WARN_ENUM_CONVERSION = YES;
				CLANG_WARN_INFINITE_RECURSION = YES;
				CLANG_WARN_INT_CONVERSION = YES;
				CLANG_WARN_OBJC_ROOT_CLASS = YES_ERROR;
				CLANG_WARN_SUSPICIOUS_MOVE = YES;
				CLANG_WARN_UNREACHABLE_CODE = YES;
				CLANG_WARN__DUPLICATE_METHOD_MATCH = YES;
				"CODE_SIGN_IDENTITY[sdk=iphoneos*]" = "iPhone Developer";
				COPY_PHASE_STRIP = NO;
				DEBUG_INFORMATION_FORMAT = dwarf;
				ENABLE_STRICT_OBJC_MSGSEND = YES;
				ENABLE_TESTABILITY = YES;
				GCC_C_LANGUAGE_STANDARD = gnu99;
				GCC_DYNAMIC_NO_PIC = NO;
				GCC_NO_COMMON_BLOCKS = YES;
				GCC_OPTIMIZATION_LEVEL = 0;
				GCC_PREPROCESSOR_DEFINITIONS = (
					"DEBUG=1",
					"$(inherited)",
				);
				GCC_WARN_64_TO_32_BIT_CONVERSION = YES;
				GCC_WARN_ABOUT_RETURN_TYPE = YES_ERROR;
				GCC_WARN_UNDECLARED_SELECTOR = YES;
				GCC_WARN_UNINITIALIZED_AUTOS = YES_AGGRESSIVE;
				GCC_WARN_UNUSED_FUNCTION = YES;
				GCC_WARN_UNUSED_VARIABLE = YES;
				IPHONEOS_DEPLOYMENT_TARGET = 10.2;
				MTL_ENABLE_DEBUG_INFO = YES;
				ONLY_ACTIVE_ARCH = YES;
				SDKROOT = iphoneos;
				TARGETED_DEVICE_FAMILY = "1,2";
			};
			name = Debug;
		};
		2E8CA9C51E448425000E6FD2 /* Release */ = {
			isa = XCBuildConfiguration;
			buildSettings = {
				ALWAYS_SEARCH_USER_PATHS = NO;
				CLANG_ANALYZER_NONNULL = YES;
				CLANG_CXX_LANGUAGE_STANDARD = "gnu++0x";
				CLANG_CXX_LIBRARY = "libc++";
				CLANG_ENABLE_MODULES = YES;
				CLANG_ENABLE_OBJC_ARC = YES;
				CLANG_WARN_BOOL_CONVERSION = YES;
				CLANG_WARN_CONSTANT_CONVERSION = YES;
				CLANG_WARN_DIRECT_OBJC_ISA_USAGE = YES_ERROR;
				CLANG_WARN_DOCUMENTATION_COMMENTS = YES;
				CLANG_WARN_EMPTY_BODY = YES;
				CLANG_WARN_ENUM_CONVERSION = YES;
				CLANG_WARN_INFINITE_RECURSION = YES;
				CLANG_WARN_INT_CONVERSION = YES;
				CLANG_WARN_OBJC_ROOT_CLASS = YES_ERROR;
				CLANG_WARN_SUSPICIOUS_MOVE = YES;
				CLANG_WARN_UNREACHABLE_CODE = YES;
				CLANG_WARN__DUPLICATE_METHOD_MATCH = YES;
				"CODE_SIGN_IDENTITY[sdk=iphoneos*]" = "iPhone Developer";
				COPY_PHASE_STRIP = NO;
				DEBUG_INFORMATION_FORMAT = "dwarf-with-dsym";
				ENABLE_NS_ASSERTIONS = NO;
				ENABLE_STRICT_OBJC_MSGSEND = YES;
				GCC_C_LANGUAGE_STANDARD = gnu99;
				GCC_NO_COMMON_BLOCKS = YES;
				GCC_WARN_64_TO_32_BIT_CONVERSION = YES;
				GCC_WARN_ABOUT_RETURN_TYPE = YES_ERROR;
				GCC_WARN_UNDECLARED_SELECTOR = YES;
				GCC_WARN_UNINITIALIZED_AUTOS = YES_AGGRESSIVE;
				GCC_WARN_UNUSED_FUNCTION = YES;
				GCC_WARN_UNUSED_VARIABLE = YES;
				IPHONEOS_DEPLOYMENT_TARGET = 10.2;
				MTL_ENABLE_DEBUG_INFO = NO;
				SDKROOT = iphoneos;
				TARGETED_DEVICE_FAMILY = "1,2";
				VALIDATE_PRODUCT = YES;
			};
			name = Release;
		};
		2E8CA9C71E448425000E6FD2 /* Debug */ = {
			isa = XCBuildConfiguration;
			buildSettings = {
				ASSETCATALOG_COMPILER_APPICON_NAME = AppIcon;
				DEVELOPMENT_TEAM = L78L4U72YJ;
				INFOPLIST_FILE = "Example-Kite-iOS-Cocoapods-Objc/Info.plist";
				LD_RUNPATH_SEARCH_PATHS = "$(inherited) @executable_path/Frameworks";
				PRODUCT_BUNDLE_IDENTIFIER = "ly.kite.Example-Kite-iOS-Cocoapods-Objc";
				PRODUCT_NAME = "$(TARGET_NAME)";
			};
			name = Debug;
		};
		2E8CA9C81E448425000E6FD2 /* Release */ = {
			isa = XCBuildConfiguration;
			buildSettings = {
				ASSETCATALOG_COMPILER_APPICON_NAME = AppIcon;
				DEVELOPMENT_TEAM = L78L4U72YJ;
				INFOPLIST_FILE = "Example-Kite-iOS-Cocoapods-Objc/Info.plist";
				LD_RUNPATH_SEARCH_PATHS = "$(inherited) @executable_path/Frameworks";
				PRODUCT_BUNDLE_IDENTIFIER = "ly.kite.Example-Kite-iOS-Cocoapods-Objc";
				PRODUCT_NAME = "$(TARGET_NAME)";
			};
			name = Release;
		};
/* End XCBuildConfiguration section */

/* Begin XCConfigurationList section */
		2E8CA9AA1E448425000E6FD2 /* Build configuration list for PBXProject "Example-Kite-iOS-Cocoapods-Objc" */ = {
			isa = XCConfigurationList;
			buildConfigurations = (
				2E8CA9C41E448425000E6FD2 /* Debug */,
				2E8CA9C51E448425000E6FD2 /* Release */,
			);
			defaultConfigurationIsVisible = 0;
			defaultConfigurationName = Release;
		};
		2E8CA9C61E448425000E6FD2 /* Build configuration list for PBXNativeTarget "Example-Kite-iOS-Cocoapods-Objc" */ = {
			isa = XCConfigurationList;
			buildConfigurations = (
				2E8CA9C71E448425000E6FD2 /* Debug */,
				2E8CA9C81E448425000E6FD2 /* Release */,
			);
			defaultConfigurationIsVisible = 0;
		};
/* End XCConfigurationList section */
	};
	rootObject = 2E8CA9A71E448425000E6FD2 /* Project object */;
}
